
Microsoft Visual Studio Solution File, Format Version 12.00
# Visual Studio Version 17
VisualStudioVersion = 17.3.32929.385
MinimumVisualStudioVersion = 10.0.40219.1
Project("{FAE04EC0-301F-11D3-BF4B-00C04F79EFBC}") = "POOI_CL3_GarciaAlvizuriDiazIsaac", "POOI_CL3_GarciaAlvizuriDiazIsaac\POOI_CL3_GarciaAlvizuriDiazIsaac.csproj", "{CF4F25D4-C580-4916-BC33-0DE42AF477A1}"
EndProject
Global
	GlobalSection(SolutionConfigurationPlatforms) = preSolution
		Debug|Any CPU = Debug|Any CPU
		Release|Any CPU = Release|Any CPU
	EndGlobalSection
	GlobalSection(ProjectConfigurationPlatforms) = postSolution
		{CF4F25D4-C580-4916-BC33-0DE42AF477A1}.Debug|Any CPU.ActiveCfg = Debug|Any CPU
		{CF4F25D4-C580-4916-BC33-0DE42AF477A1}.Debug|Any CPU.Build.0 = Debug|Any CPU
		{CF4F25D4-C580-4916-BC33-0DE42AF477A1}.Release|Any CPU.ActiveCfg = Release|Any CPU
		{CF4F25D4-C580-4916-BC33-0DE42AF477A1}.Release|Any CPU.Build.0 = Release|Any CPU
	EndGlobalSection
	GlobalSection(SolutionProperties) = preSolution
		HideSolutionNode = FALSE
	EndGlobalSection
	GlobalSection(ExtensibilityGlobals) = postSolution
		SolutionGuid = {70107E87-8675-4CC9-A6EA-F460FE177D9B}
	EndGlobalSection
EndGlobal
